# @generated - this file is auto-generated by `mise lock` https://mise.jdx.dev/dev-tools/mise-lock.html

lockfile_version = 2

[[tools."aqua:1password/cli"]]
version = "2.39.0"
backend = "aqua:1password/cli"
specifiers = ["2.39.0"]

[tools."aqua:1password/cli"."platforms.linux-arm64"]
url = "https://cache.agilebits.com/dist/1P/op2/pkg/v2.39.0/op_linux_arm64_v2.39.0.zip"

[tools."aqua:1password/cli"."platforms.linux-arm64-musl"]
url = "https://cache.agilebits.com/dist/1P/op2/pkg/v2.39.0/op_linux_arm64_v2.39.0.zip"

[tools."aqua:1password/cli"."platforms.linux-x64"]
url = "https://cache.agilebits.com/dist/1P/op2/pkg/v2.39.0/op_linux_amd64_v2.39.0.zip"

[tools."aqua:1password/cli"."platforms.linux-x64-musl"]
url = "https://cache.agilebits.com/dist/1P/op2/pkg/v2.39.0/op_linux_amd64_v2.39.0.zip"

[tools."aqua:1password/cli"."platforms.macos-arm64"]
url = "https://cache.agilebits.com/dist/1P/op2/pkg/v2.39.0/op_darwin_arm64_v2.39.0.zip"

[tools."aqua:1password/cli"."platforms.macos-x64"]
url = "https://cache.agilebits.com/dist/1P/op2/pkg/v2.39.0/op_darwin_amd64_v2.39.0.zip"

[tools."aqua:1password/cli"."platforms.windows-x64"]
url = "https://cache.agilebits.com/dist/1P/op2/pkg/v2.39.0/op_windows_amd64_v2.39.0.zip"

[[tools."aqua:fish-shell/fish-shell"]]
version = "4.9.3"
backend = "aqua:fish-shell/fish-shell"
specifiers = ["4.9.3"]

[tools."aqua:fish-shell/fish-shell"."platforms.linux-arm64"]
checksum = "sha256:57349f0111728c64b703a84e611aa97ff4d1fa8466385d64e67bd5bc3ffa49fc"
url = "https://github.com/fish-shell/fish-shell/releases/download/4.9.3/fish-4.9.3-linux-aarch64.tar.xz"
url_api = "https://api.github.com/repos/fish-shell/fish-shell/releases/assets/551107872"

[tools."aqua:fish-shell/fish-shell"."platforms.linux-arm64-musl"]
checksum = "sha256:57349f0111728c64b703a84e611aa97ff4d1fa8466385d64e67bd5bc3ffa49fc"
url = "https://github.com/fish-shell/fish-shell/releases/download/4.9.3/fish-4.9.3-linux-aarch64.tar.xz"
url_api = "https://api.github.com/repos/fish-shell/fish-shell/releases/assets/551107872"

[tools."aqua:fish-shell/fish-shell"."platforms.linux-x64"]
checksum = "sha256:8f643d10ad1abb0ef7072764c01ceb5cf61b2d373fda400cf60f0bad69b7e095"
url = "https://github.com/fish-shell/fish-shell/releases/download/4.9.3/fish-4.9.3-linux-x86_64.tar.xz"
url_api = "https://api.github.com/repos/fish-shell/fish-shell/releases/assets/551107873"

[tools."aqua:fish-shell/fish-shell"."platforms.linux-x64-musl"]
checksum = "sha256:8f643d10ad1abb0ef7072764c01ceb5cf61b2d373fda400cf60f0bad69b7e095"
url = "https://github.com/fish-shell/fish-shell/releases/download/4.9.3/fish-4.9.3-linux-x86_64.tar.xz"
url_api = "https://api.github.com/repos/fish-shell/fish-shell/releases/assets/551107873"

[tools."aqua:fish-shell/fish-shell"."platforms.macos-arm64"]
checksum = "sha256:fb489929e25e66b8c026a1da8935f68f828134e115a1706f360ed73149b843a9"
url = "https://github.com/fish-shell/fish-shell/releases/download/4.9.3/fish-4.9.3.pkg"
url_api = "https://api.github.com/repos/fish-shell/fish-shell/releases/assets/551147059"

[tools."aqua:fish-shell/fish-shell"."platforms.macos-x64"]
checksum = "sha256:fb489929e25e66b8c026a1da8935f68f828134e115a1706f360ed73149b843a9"
url = "https://github.com/fish-shell/fish-shell/releases/download/4.9.3/fish-4.9.3.pkg"
url_api = "https://api.github.com/repos/fish-shell/fish-shell/releases/assets/551147059"

[[tools."aqua:hashicorp/vault"]]
version = "1.21.4"
backend = "aqua:hashicorp/vault"
specifiers = ["1.21.4"]

[tools."aqua:hashicorp/vault"."platforms.linux-arm64"]
checksum = "sha256:1104ef701aad16e104e2e7b4d2a02a6ec993237559343f3097ac63a00b42e85d"
url = "https://releases.hashicorp.com/vault/1.21.4/vault_1.21.4_linux_arm64.zip"

[tools."aqua:hashicorp/vault"."platforms.linux-arm64-musl"]
checksum = "sha256:1104ef701aad16e104e2e7b4d2a02a6ec993237559343f3097ac63a00b42e85d"
url = "https://releases.hashicorp.com/vault/1.21.4/vault_1.21.4_linux_arm64.zip"

[tools."aqua:hashicorp/vault"."platforms.linux-x64"]
checksum = "sha256:889b681990fe221b884b7932fa9c9dd0ee9811b9349554f1aa287ab63c9f3dae"
url = "https://releases.hashicorp.com/vault/1.21.4/vault_1.21.4_linux_amd64.zip"

[tools."aqua:hashicorp/vault"."platforms.linux-x64-musl"]
checksum = "sha256:889b681990fe221b884b7932fa9c9dd0ee9811b9349554f1aa287ab63c9f3dae"
url = "https://releases.hashicorp.com/vault/1.21.4/vault_1.21.4_linux_amd64.zip"

[tools."aqua:hashicorp/vault"."platforms.macos-arm64"]
checksum = "sha256:c79012c1c8aedd682c68b5d9c89149030611c82da57f45383aef004b39a640d2"
url = "https://releases.hashicorp.com/vault/1.21.4/vault_1.21.4_darwin_arm64.zip"

[tools."aqua:hashicorp/vault"."platforms.macos-x64"]
checksum = "sha256:a667be3cf56dd0f21a23ba26b47028d1f51b3ca61e71b0e29ceafef1c2a1dc3a"
url = "https://releases.hashicorp.com/vault/1.21.4/vault_1.21.4_darwin_amd64.zip"

[tools."aqua:hashicorp/vault"."platforms.windows-x64"]
checksum = "sha256:eaee599df806d467c14f572fdede45c7a5ae3948386343e9db0fe5ce921d4e0a"
url = "https://releases.hashicorp.com/vault/1.21.4/vault_1.21.4_windows_amd64.zip"

[[tools."aqua:k3d-io/k3d"]]
version = "5.9.0"
backend = "aqua:k3d-io/k3d"
specifiers = ["5.9.0"]

[tools."aqua:k3d-io/k3d"."platforms.linux-arm64"]
checksum = "sha256:03cde5cf23e6e8e67de5a039ecf26e5b85aca82fba3e5d13dadf904cd218a250"
url = "https://github.com/k3d-io/k3d/releases/download/v5.9.0/k3d-linux-arm64"
url_api = "https://api.github.com/repos/k3d-io/k3d/releases/assets/436305757"

[tools."aqua:k3d-io/k3d"."platforms.linux-arm64-musl"]
checksum = "sha256:03cde5cf23e6e8e67de5a039ecf26e5b85aca82fba3e5d13dadf904cd218a250"
url = "https://github.com/k3d-io/k3d/releases/download/v5.9.0/k3d-linux-arm64"
url_api = "https://api.github.com/repos/k3d-io/k3d/releases/assets/436305757"

[tools."aqua:k3d-io/k3d"."platforms.linux-x64"]
checksum = "sha256:06d8f25bc3a971c4eb29e0ff08429b180402db0f4dec838c9eac427e296800a0"
url = "https://github.com/k3d-io/k3d/releases/download/v5.9.0/k3d-linux-amd64"
url_api = "https://api.github.com/repos/k3d-io/k3d/releases/assets/436305793"

[tools."aqua:k3d-io/k3d"."platforms.linux-x64-musl"]
checksum = "sha256:06d8f25bc3a971c4eb29e0ff08429b180402db0f4dec838c9eac427e296800a0"
url = "https://github.com/k3d-io/k3d/releases/download/v5.9.0/k3d-linux-amd64"
url_api = "https://api.github.com/repos/k3d-io/k3d/releases/assets/436305793"

[tools."aqua:k3d-io/k3d"."platforms.macos-arm64"]
checksum = "sha256:fe106541d5d0a3f18debcd4d432a16f8c0ce3e6ddc06f8fbb6f696a122313e00"
url = "https://github.com/k3d-io/k3d/releases/download/v5.9.0/k3d-darwin-arm64"
url_api = "https://api.github.com/repos/k3d-io/k3d/releases/assets/436305875"

[tools."aqua:k3d-io/k3d"."platforms.macos-x64"]
checksum = "sha256:b4aabc37534f95b9c764e7823f2df923f50d57600837aa60a06266cce47db732"
url = "https://github.com/k3d-io/k3d/releases/download/v5.9.0/k3d-darwin-amd64"
url_api = "https://api.github.com/repos/k3d-io/k3d/releases/assets/436305915"

[tools."aqua:k3d-io/k3d"."platforms.windows-x64"]
checksum = "sha256:49d0b9c796f5b8ba6f58a1dd5469e8b7b34bf9b6ce9078633eedb2789680a034"
url = "https://github.com/k3d-io/k3d/releases/download/v5.9.0/k3d-windows-amd64.exe"
url_api = "https://api.github.com/repos/k3d-io/k3d/releases/assets/436305724"

[[tools."aqua:kubernetes/kubectl"]]
version = "1.37.0"
backend = "aqua:kubernetes/kubectl"
specifiers = ["1.37.0"]

[tools."aqua:kubernetes/kubectl"."platforms.linux-arm64"]
checksum = "sha256:922df28df248cc00a9e025f947704f1d1482de64ece54cfe57e61f19eaf1eef3"
url = "https://dl.k8s.io/v1.37.0/bin/linux/arm64/kubectl"

[tools."aqua:kubernetes/kubectl"."platforms.linux-arm64-musl"]
checksum = "sha256:922df28df248cc00a9e025f947704f1d1482de64ece54cfe57e61f19eaf1eef3"
url = "https://dl.k8s.io/v1.37.0/bin/linux/arm64/kubectl"

[tools."aqua:kubernetes/kubectl"."platforms.linux-x64"]
checksum = "sha256:6129359f4e1f3848a5572ccb0b26cf28b8ca08cef38c95a765b2f64a2c961a2f"
url = "https://dl.k8s.io/v1.37.0/bin/linux/amd64/kubectl"

[tools."aqua:kubernetes/kubectl"."platforms.linux-x64-musl"]
checksum = "sha256:6129359f4e1f3848a5572ccb0b26cf28b8ca08cef38c95a765b2f64a2c961a2f"
url = "https://dl.k8s.io/v1.37.0/bin/linux/amd64/kubectl"

[tools."aqua:kubernetes/kubectl"."platforms.macos-arm64"]
checksum = "sha256:583beedaebe422e71d3f1a96acef8b1fef86ea2f09a45ad01aa6c9ce287c1380"
url = "https://dl.k8s.io/v1.37.0/bin/darwin/arm64/kubectl"

[tools."aqua:kubernetes/kubectl"."platforms.macos-x64"]
checksum = "sha256:d5276c0f4fde77fc446070290f345944a7f1fda153df6b960e5fde93b7a9bccd"
url = "https://dl.k8s.io/v1.37.0/bin/darwin/amd64/kubectl"

[tools."aqua:kubernetes/kubectl"."platforms.windows-x64"]
checksum = "sha256:4721b614a67bb4932a0369e61f4a323d8c6ca00943d3a2ff14837c124da06f0e"
url = "https://dl.k8s.io/v1.37.0/bin/windows/amd64/kubectl.exe"

[[tools."github:romkatv/zsh-bin"]]
version = "6.1.1"
backend = "github:romkatv/zsh-bin"
specifiers = ["6.1.1"]

[tools."github:romkatv/zsh-bin"."platforms.linux-arm64"]
url = "https://github.com/romkatv/zsh-bin/releases/download/v6.1.1/zsh-5.8-linux-aarch64.tar.gz"
url_api = "https://api.github.com/repos/romkatv/zsh-bin/releases/assets/67969748"

[tools."github:romkatv/zsh-bin"."platforms.linux-arm64-musl"]
url = "https://github.com/romkatv/zsh-bin/releases/download/v6.1.1/zsh-5.8-linux-aarch64.tar.gz"
url_api = "https://api.github.com/repos/romkatv/zsh-bin/releases/assets/67969748"

[tools."github:romkatv/zsh-bin"."platforms.linux-x64"]
url = "https://github.com/romkatv/zsh-bin/releases/download/v6.1.1/zsh-5.8-linux-x86_64.tar.gz"
url_api = "https://api.github.com/repos/romkatv/zsh-bin/releases/assets/67969730"

[tools."github:romkatv/zsh-bin"."platforms.linux-x64-musl"]
url = "https://github.com/romkatv/zsh-bin/releases/download/v6.1.1/zsh-5.8-linux-x86_64.tar.gz"
url_api = "https://api.github.com/repos/romkatv/zsh-bin/releases/assets/67969730"

[tools."github:romkatv/zsh-bin"."platforms.macos-arm64"]
url = "https://github.com/romkatv/zsh-bin/releases/download/v6.1.1/zsh-5.8-darwin-arm64.tar.gz"
url_api = "https://api.github.com/repos/romkatv/zsh-bin/releases/assets/67969741"

[tools."github:romkatv/zsh-bin"."platforms.macos-x64"]
url = "https://github.com/romkatv/zsh-bin/releases/download/v6.1.1/zsh-5.8-darwin-x86_64.tar.gz"
url_api = "https://api.github.com/repos/romkatv/zsh-bin/releases/assets/67969743"

[tools."github:romkatv/zsh-bin"."platforms.windows-x64"]
url = "https://github.com/romkatv/zsh-bin/releases/download/v6.1.1/zsh-5.8-freebsd-amd64.tar.gz"
url_api = "https://api.github.com/repos/romkatv/zsh-bin/releases/assets/67969745"

[[tools.rust]]
version = "1.96.0"
backend = "core:rust"
specifiers = ["1.96.0"]
